
Microsoft Visual Studio Solution File, Format Version 12.00
# Visual Studio 15
VisualStudioVersion = 15.0.28307.168
MinimumVisualStudioVersion = 10.0.40219.1
Project("{FAE04EC0-301F-11D3-BF4B-00C04F79EFBC}") = "MoviesFromImdb", "MoviesFromImdb\MoviesFromImdb.csproj", "{120CF292-6D0E-49AD-9B56-A4058959915A}"
EndProject
Global
	GlobalSection(SolutionConfigurationPlatforms) = preSolution
		Debug|Any CPU = Debug|Any CPU
		Release|Any CPU = Release|Any CPU
	EndGlobalSection
	GlobalSection(ProjectConfigurationPlatforms) = postSolution
		{120CF292-6D0E-49AD-9B56-A4058959915A}.Debug|Any CPU.ActiveCfg = Debug|Any CPU
		{120CF292-6D0E-49AD-9B56-A4058959915A}.Debug|Any CPU.Build.0 = Debug|Any CPU
		{120CF292-6D0E-49AD-9B56-A4058959915A}.Release|Any CPU.ActiveCfg = Release|Any CPU
		{120CF292-6D0E-49AD-9B56-A4058959915A}.Release|Any CPU.Build.0 = Release|Any CPU
	EndGlobalSection
	GlobalSection(SolutionProperties) = preSolution
		HideSolutionNode = FALSE
	EndGlobalSection
	GlobalSection(ExtensibilityGlobals) = postSolution
		SolutionGuid = {5DC65D88-0377-47BA-BE89-D21403C9C3AB}
	EndGlobalSection
EndGlobal
